// !$*UTF8*$!
{
	archiveVersion = 1;
	classes = {
	};
	objectVersion = 56;
	objects = {

/* Begin PBXBuildFile section */
		48532D65290445FD00D0D876 /* Poke_AppApp.swift in Sources */ = {isa = PBXBuildFile; fileRef = 48532D64290445FD00D0D876 /* Poke_AppApp.swift */; };
		48532D69290445FF00D0D876 /* Assets.xcassets in Resources */ = {isa = PBXBuildFile; fileRef = 48532D68290445FF00D0D876 /* Assets.xcassets */; };
		48532D6C290445FF00D0D876 /* Preview Assets.xcassets in Resources */ = {isa = PBXBuildFile; fileRef = 48532D6B290445FF00D0D876 /* Preview Assets.xcassets */; };
		48532D76290445FF00D0D876 /* Poke_AppTests.swift in Sources */ = {isa = PBXBuildFile; fileRef = 48532D75290445FF00D0D876 /* Poke_AppTests.swift */; };
		48532D80290445FF00D0D876 /* Poke_AppUITests.swift in Sources */ = {isa = PBXBuildFile; fileRef = 48532D7F290445FF00D0D876 /* Poke_AppUITests.swift */; };
		48532D82290445FF00D0D876 /* Poke_AppUITestsLaunchTests.swift in Sources */ = {isa = PBXBuildFile; fileRef = 48532D81290445FF00D0D876 /* Poke_AppUITestsLaunchTests.swift */; };
		48532D91290446AC00D0D876 /* Stinsen in Frameworks */ = {isa = PBXBuildFile; productRef = 48532D90290446AC00D0D876 /* Stinsen */; };
		48532D9729044A9700D0D876 /* HomeCoordinator.swift in Sources */ = {isa = PBXBuildFile; fileRef = 48532D9629044A9700D0D876 /* HomeCoordinator.swift */; };
		48532D9929044ACC00D0D876 /* HomeView.swift in Sources */ = {isa = PBXBuildFile; fileRef = 48532D9829044ACC00D0D876 /* HomeView.swift */; };
		48532D9C29045E4200D0D876 /* CombineMoya in Frameworks */ = {isa = PBXBuildFile; productRef = 48532D9B29045E4200D0D876 /* CombineMoya */; };
		48532D9E29045E4200D0D876 /* Moya in Frameworks */ = {isa = PBXBuildFile; productRef = 48532D9D29045E4200D0D876 /* Moya */; };
		48532DA229045EC500D0D876 /* Router.swift in Sources */ = {isa = PBXBuildFile; fileRef = 48532DA129045EC500D0D876 /* Router.swift */; };
		48532DA72904DC9900D0D876 /* TargetType+Extension.swift in Sources */ = {isa = PBXBuildFile; fileRef = 48532DA62904DC9900D0D876 /* TargetType+Extension.swift */; };
		48549D4A29076610005D7D73 /* Constants.swift in Sources */ = {isa = PBXBuildFile; fileRef = 48549D4929076610005D7D73 /* Constants.swift */; };
		48549D502907690C005D7D73 /* PokemonTarget.swift in Sources */ = {isa = PBXBuildFile; fileRef = 48549D4F2907690C005D7D73 /* PokemonTarget.swift */; };
		48549D5329076AA0005D7D73 /* PokemonService.swift in Sources */ = {isa = PBXBuildFile; fileRef = 48549D5229076AA0005D7D73 /* PokemonService.swift */; };
		48549D5529076B3C005D7D73 /* HomeViewModel.swift in Sources */ = {isa = PBXBuildFile; fileRef = 48549D5429076B3C005D7D73 /* HomeViewModel.swift */; };
		48549D5829076BC4005D7D73 /* ApiResponse.swift in Sources */ = {isa = PBXBuildFile; fileRef = 48549D5729076BC4005D7D73 /* ApiResponse.swift */; };
		48549D5A29076C01005D7D73 /* Pokemon.swift in Sources */ = {isa = PBXBuildFile; fileRef = 48549D5929076C01005D7D73 /* Pokemon.swift */; };
/* End PBXBuildFile section */

/* Begin PBXContainerItemProxy section */
		48532D72290445FF00D0D876 /* PBXContainerItemProxy */ = {
			isa = PBXContainerItemProxy;
			containerPortal = 48532D59290445FD00D0D876 /* Project object */;
			proxyType = 1;
			remoteGlobalIDString = 48532D60290445FD00D0D876;
			remoteInfo = "Poke-App";
		};
		48532D7C290445FF00D0D876 /* PBXContainerItemProxy */ = {
			isa = PBXContainerItemProxy;
			containerPortal = 48532D59290445FD00D0D876 /* Project object */;
			proxyType = 1;
			remoteGlobalIDString = 48532D60290445FD00D0D876;
			remoteInfo = "Poke-App";
		};
/* End PBXContainerItemProxy section */

/* Begin PBXFileReference section */
		48532D61290445FD00D0D876 /* Poke-App.app */ = {isa = PBXFileReference; explicitFileType = wrapper.application; includeInIndex = 0; path = "Poke-App.app"; sourceTree = BUILT_PRODUCTS_DIR; };
		48532D64290445FD00D0D876 /* Poke_AppApp.swift */ = {isa = PBXFileReference; lastKnownFileType = sourcecode.swift; path = Poke_AppApp.swift; sourceTree = "<group>"; };
		48532D68290445FF00D0D876 /* Assets.xcassets */ = {isa = PBXFileReference; lastKnownFileType = folder.assetcatalog; path = Assets.xcassets; sourceTree = "<group>"; };
		48532D6B290445FF00D0D876 /* Preview Assets.xcassets */ = {isa = PBXFileReference; lastKnownFileType = folder.assetcatalog; path = "Preview Assets.xcassets"; sourceTree = "<group>"; };
		48532D71290445FF00D0D876 /* Poke-AppTests.xctest */ = {isa = PBXFileReference; explicitFileType = wrapper.cfbundle; includeInIndex = 0; path = "Poke-AppTests.xctest"; sourceTree = BUILT_PRODUCTS_DIR; };
		48532D75290445FF00D0D876 /* Poke_AppTests.swift */ = {isa = PBXFileReference; lastKnownFileType = sourcecode.swift; path = Poke_AppTests.swift; sourceTree = "<group>"; };
		48532D7B290445FF00D0D876 /* Poke-AppUITests.xctest */ = {isa = PBXFileReference; explicitFileType = wrapper.cfbundle; includeInIndex = 0; path = "Poke-AppUITests.xctest"; sourceTree = BUILT_PRODUCTS_DIR; };
		48532D7F290445FF00D0D876 /* Poke_AppUITests.swift */ = {isa = PBXFileReference; lastKnownFileType = sourcecode.swift; path = Poke_AppUITests.swift; sourceTree = "<group>"; };
		48532D81290445FF00D0D876 /* Poke_AppUITestsLaunchTests.swift */ = {isa = PBXFileReference; lastKnownFileType = sourcecode.swift; path = Poke_AppUITestsLaunchTests.swift; sourceTree = "<group>"; };
		48532D9629044A9700D0D876 /* HomeCoordinator.swift */ = {isa = PBXFileReference; lastKnownFileType = sourcecode.swift; path = HomeCoordinator.swift; sourceTree = "<group>"; };
		48532D9829044ACC00D0D876 /* HomeView.swift */ = {isa = PBXFileReference; lastKnownFileType = sourcecode.swift; path = HomeView.swift; sourceTree = "<group>"; };
		48532DA129045EC500D0D876 /* Router.swift */ = {isa = PBXFileReference; lastKnownFileType = sourcecode.swift; path = Router.swift; sourceTree = "<group>"; };
		48532DA62904DC9900D0D876 /* TargetType+Extension.swift */ = {isa = PBXFileReference; lastKnownFileType = sourcecode.swift; path = "TargetType+Extension.swift"; sourceTree = "<group>"; };
		48549D4929076610005D7D73 /* Constants.swift */ = {isa = PBXFileReference; lastKnownFileType = sourcecode.swift; path = Constants.swift; sourceTree = "<group>"; };
		48549D4F2907690C005D7D73 /* PokemonTarget.swift */ = {isa = PBXFileReference; lastKnownFileType = sourcecode.swift; path = PokemonTarget.swift; sourceTree = "<group>"; };
		48549D5229076AA0005D7D73 /* PokemonService.swift */ = {isa = PBXFileReference; lastKnownFileType = sourcecode.swift; path = PokemonService.swift; sourceTree = "<group>"; };
		48549D5429076B3C005D7D73 /* HomeViewModel.swift */ = {isa = PBXFileReference; lastKnownFileType = sourcecode.swift; path = HomeViewModel.swift; sourceTree = "<group>"; };
		48549D5729076BC4005D7D73 /* ApiResponse.swift */ = {isa = PBXFileReference; lastKnownFileType = sourcecode.swift; path = ApiResponse.swift; sourceTree = "<group>"; };
		48549D5929076C01005D7D73 /* Pokemon.swift */ = {isa = PBXFileReference; lastKnownFileType = sourcecode.swift; path = Pokemon.swift; sourceTree = "<group>"; };
/* End PBXFileReference section */

/* Begin PBXFrameworksBuildPhase section */
		48532D5E290445FD00D0D876 /* Frameworks */ = {
			isa = PBXFrameworksBuildPhase;
			buildActionMask = 2147483647;
			files = (
				48532D9C29045E4200D0D876 /* CombineMoya in Frameworks */,
				48532D91290446AC00D0D876 /* Stinsen in Frameworks */,
				48532D9E29045E4200D0D876 /* Moya in Frameworks */,
			);
			runOnlyForDeploymentPostprocessing = 0;
		};
		48532D6E290445FF00D0D876 /* Frameworks */ = {
			isa = PBXFrameworksBuildPhase;
			buildActionMask = 2147483647;
			files = (
			);
			runOnlyForDeploymentPostprocessing = 0;
		};
		48532D78290445FF00D0D876 /* Frameworks */ = {
			isa = PBXFrameworksBuildPhase;
			buildActionMask = 2147483647;
			files = (
			);
			runOnlyForDeploymentPostprocessing = 0;
		};
/* End PBXFrameworksBuildPhase section */

/* Begin PBXGroup section */
		48532D58290445FD00D0D876 = {
			isa = PBXGroup;
			children = (
				48532D63290445FD00D0D876 /* Poke-App */,
				48532D74290445FF00D0D876 /* Poke-AppTests */,
				48532D7E290445FF00D0D876 /* Poke-AppUITests */,
				48532D62290445FD00D0D876 /* Products */,
			);
			sourceTree = "<group>";
		};
		48532D62290445FD00D0D876 /* Products */ = {
			isa = PBXGroup;
			children = (
				48532D61290445FD00D0D876 /* Poke-App.app */,
				48532D71290445FF00D0D876 /* Poke-AppTests.xctest */,
				48532D7B290445FF00D0D876 /* Poke-AppUITests.xctest */,
			);
			name = Products;
			sourceTree = "<group>";
		};
		48532D63290445FD00D0D876 /* Poke-App */ = {
			isa = PBXGroup;
			children = (
				48532D9F29045E5300D0D876 /* Source */,
				48532D9229044A5C00D0D876 /* Modules */,
				48532D8E2904461400D0D876 /* SupportingFiles */,
				48532D6A290445FF00D0D876 /* Preview Content */,
			);
			path = "Poke-App";
			sourceTree = "<group>";
		};
		48532D6A290445FF00D0D876 /* Preview Content */ = {
			isa = PBXGroup;
			children = (
				48532D6B290445FF00D0D876 /* Preview Assets.xcassets */,
			);
			path = "Preview Content";
			sourceTree = "<group>";
		};
		48532D74290445FF00D0D876 /* Poke-AppTests */ = {
			isa = PBXGroup;
			children = (
				48532D75290445FF00D0D876 /* Poke_AppTests.swift */,
			);
			path = "Poke-AppTests";
			sourceTree = "<group>";
		};
		48532D7E290445FF00D0D876 /* Poke-AppUITests */ = {
			isa = PBXGroup;
			children = (
				48532D7F290445FF00D0D876 /* Poke_AppUITests.swift */,
				48532D81290445FF00D0D876 /* Poke_AppUITestsLaunchTests.swift */,
			);
			path = "Poke-AppUITests";
			sourceTree = "<group>";
		};
		48532D8E2904461400D0D876 /* SupportingFiles */ = {
			isa = PBXGroup;
			children = (
				48532D64290445FD00D0D876 /* Poke_AppApp.swift */,
				48532D68290445FF00D0D876 /* Assets.xcassets */,
			);
			path = SupportingFiles;
			sourceTree = "<group>";
		};
		48532D9229044A5C00D0D876 /* Modules */ = {
			isa = PBXGroup;
			children = (
				48532D9329044A6B00D0D876 /* Coordinator */,
				48549D4D290768D6005D7D73 /* ViewModels */,
				48532D9429044A7400D0D876 /* Views */,
			);
			path = Modules;
			sourceTree = "<group>";
		};
		48532D9329044A6B00D0D876 /* Coordinator */ = {
			isa = PBXGroup;
			children = (
				48532D9529044A8200D0D876 /* Home */,
			);
			path = Coordinator;
			sourceTree = "<group>";
		};
		48532D9429044A7400D0D876 /* Views */ = {
			isa = PBXGroup;
			children = (
				48549D4C290768BF005D7D73 /* Home */,
			);
			path = Views;
			sourceTree = "<group>";
		};
		48532D9529044A8200D0D876 /* Home */ = {
			isa = PBXGroup;
			children = (
				48532D9629044A9700D0D876 /* HomeCoordinator.swift */,
			);
			path = Home;
			sourceTree = "<group>";
		};
		48532D9F29045E5300D0D876 /* Source */ = {
			isa = PBXGroup;
			children = (
				48549D5629076BB7005D7D73 /* Models */,
				48549D5129076A4C005D7D73 /* Services */,
				48549D48290765FD005D7D73 /* Common */,
				48532DA52904DC7C00D0D876 /* Extensions */,
				48532DA029045E5900D0D876 /* Networking */,
			);
			path = Source;
			sourceTree = "<group>";
		};
		48532DA029045E5900D0D876 /* Networking */ = {
			isa = PBXGroup;
			children = (
				48532DA42904602F00D0D876 /* Targets */,
				48532DA129045EC500D0D876 /* Router.swift */,
			);
			path = Networking;
			sourceTree = "<group>";
		};
		48532DA42904602F00D0D876 /* Targets */ = {
			isa = PBXGroup;
			children = (
				48549D4F2907690C005D7D73 /* PokemonTarget.swift */,
			);
			path = Targets;
			sourceTree = "<group>";
		};
		48532DA52904DC7C00D0D876 /* Extensions */ = {
			isa = PBXGroup;
			children = (
				48532DA62904DC9900D0D876 /* TargetType+Extension.swift */,
			);
			path = Extensions;
			sourceTree = "<group>";
		};
		48549D48290765FD005D7D73 /* Common */ = {
			isa = PBXGroup;
			children = (
				48549D4929076610005D7D73 /* Constants.swift */,
			);
			path = Common;
			sourceTree = "<group>";
		};
		48549D4C290768BF005D7D73 /* Home */ = {
			isa = PBXGroup;
			children = (
				48532D9829044ACC00D0D876 /* HomeView.swift */,
			);
			path = Home;
			sourceTree = "<group>";
		};
		48549D4D290768D6005D7D73 /* ViewModels */ = {
			isa = PBXGroup;
			children = (
				48549D4E290768E0005D7D73 /* Home */,
			);
			path = ViewModels;
			sourceTree = "<group>";
		};
		48549D4E290768E0005D7D73 /* Home */ = {
			isa = PBXGroup;
			children = (
				48549D5429076B3C005D7D73 /* HomeViewModel.swift */,
			);
			path = Home;
			sourceTree = "<group>";
		};
		48549D5129076A4C005D7D73 /* Services */ = {
			isa = PBXGroup;
			children = (
				48549D5229076AA0005D7D73 /* PokemonService.swift */,
			);
			path = Services;
			sourceTree = "<group>";
		};
		48549D5629076BB7005D7D73 /* Models */ = {
			isa = PBXGroup;
			children = (
				48549D5729076BC4005D7D73 /* ApiResponse.swift */,
				48549D5929076C01005D7D73 /* Pokemon.swift */,
			);
			path = Models;
			sourceTree = "<group>";
		};
/* End PBXGroup section */

/* Begin PBXNativeTarget section */
		48532D60290445FD00D0D876 /* Poke-App */ = {
			isa = PBXNativeTarget;
			buildConfigurationList = 48532D85290445FF00D0D876 /* Build configuration list for PBXNativeTarget "Poke-App" */;
			buildPhases = (
				48532D5D290445FD00D0D876 /* Sources */,
				48532D5E290445FD00D0D876 /* Frameworks */,
				48532D5F290445FD00D0D876 /* Resources */,
			);
			buildRules = (
			);
			dependencies = (
			);
			name = "Poke-App";
			packageProductDependencies = (
				48532D90290446AC00D0D876 /* Stinsen */,
				48532D9B29045E4200D0D876 /* CombineMoya */,
				48532D9D29045E4200D0D876 /* Moya */,
			);
			productName = "Poke-App";
			productReference = 48532D61290445FD00D0D876 /* Poke-App.app */;
			productType = "com.apple.product-type.application";
		};
		48532D70290445FF00D0D876 /* Poke-AppTests */ = {
			isa = PBXNativeTarget;
			buildConfigurationList = 48532D88290445FF00D0D876 /* Build configuration list for PBXNativeTarget "Poke-AppTests" */;
			buildPhases = (
				48532D6D290445FF00D0D876 /* Sources */,
				48532D6E290445FF00D0D876 /* Frameworks */,
				48532D6F290445FF00D0D876 /* Resources */,
			);
			buildRules = (
			);
			dependencies = (
				48532D73290445FF00D0D876 /* PBXTargetDependency */,
			);
			name = "Poke-AppTests";
			productName = "Poke-AppTests";
			productReference = 48532D71290445FF00D0D876 /* Poke-AppTests.xctest */;
			productType = "com.apple.product-type.bundle.unit-test";
		};
		48532D7A290445FF00D0D876 /* Poke-AppUITests */ = {
			isa = PBXNativeTarget;
			buildConfigurationList = 48532D8B290445FF00D0D876 /* Build configuration list for PBXNativeTarget "Poke-AppUITests" */;
			buildPhases = (
				48532D77290445FF00D0D876 /* Sources */,
				48532D78290445FF00D0D876 /* Frameworks */,
				48532D79290445FF00D0D876 /* Resources */,
			);
			buildRules = (
			);
			dependencies = (
				48532D7D290445FF00D0D876 /* PBXTargetDependency */,
			);
			name = "Poke-AppUITests";
			productName = "Poke-AppUITests";
			productReference = 48532D7B290445FF00D0D876 /* Poke-AppUITests.xctest */;
			productType = "com.apple.product-type.bundle.ui-testing";
		};
/* End PBXNativeTarget section */

/* Begin PBXProject section */
		48532D59290445FD00D0D876 /* Project object */ = {
			isa = PBXProject;
			attributes = {
				BuildIndependentTargetsInParallel = 1;
				LastSwiftUpdateCheck = 1400;
				LastUpgradeCheck = 1400;
				TargetAttributes = {
					48532D60290445FD00D0D876 = {
						CreatedOnToolsVersion = 14.0;
					};
					48532D70290445FF00D0D876 = {
						CreatedOnToolsVersion = 14.0;
						TestTargetID = 48532D60290445FD00D0D876;
					};
					48532D7A290445FF00D0D876 = {
						CreatedOnToolsVersion = 14.0;
						TestTargetID = 48532D60290445FD00D0D876;
					};
				};
			};
			buildConfigurationList = 48532D5C290445FD00D0D876 /* Build configuration list for PBXProject "Poke-App" */;
			compatibilityVersion = "Xcode 14.0";
			developmentRegion = en;
			hasScannedForEncodings = 0;
			knownRegions = (
				en,
				Base,
			);
			mainGroup = 48532D58290445FD00D0D876;
			packageReferences = (
				48532D8F290446AC00D0D876 /* XCRemoteSwiftPackageReference "stinsen" */,
				48532D9A29045E4200D0D876 /* XCRemoteSwiftPackageReference "Moya" */,
			);
			productRefGroup = 48532D62290445FD00D0D876 /* Products */;
			projectDirPath = "";
			projectRoot = "";
			targets = (
				48532D60290445FD00D0D876 /* Poke-App */,
				48532D70290445FF00D0D876 /* Poke-AppTests */,
				48532D7A290445FF00D0D876 /* Poke-AppUITests */,
			);
		};
/* End PBXProject section */

/* Begin PBXResourcesBuildPhase section */
		48532D5F290445FD00D0D876 /* Resources */ = {
			isa = PBXResourcesBuildPhase;
			buildActionMask = 2147483647;
			files = (
				48532D6C290445FF00D0D876 /* Preview Assets.xcassets in Resources */,
				48532D69290445FF00D0D876 /* Assets.xcassets in Resources */,
			);
			runOnlyForDeploymentPostprocessing = 0;
		};
		48532D6F290445FF00D0D876 /* Resources */ = {
			isa = PBXResourcesBuildPhase;
			buildActionMask = 2147483647;
			files = (
			);
			runOnlyForDeploymentPostprocessing = 0;
		};
		48532D79290445FF00D0D876 /* Resources */ = {
			isa = PBXResourcesBuildPhase;
			buildActionMask = 2147483647;
			files = (
			);
			runOnlyForDeploymentPostprocessing = 0;
		};
/* End PBXResourcesBuildPhase section */

/* Begin PBXSourcesBuildPhase section */
		48532D5D290445FD00D0D876 /* Sources */ = {
			isa = PBXSourcesBuildPhase;
			buildActionMask = 2147483647;
			files = (
				48549D502907690C005D7D73 /* PokemonTarget.swift in Sources */,
				48549D5529076B3C005D7D73 /* HomeViewModel.swift in Sources */,
				48549D5329076AA0005D7D73 /* PokemonService.swift in Sources */,
				48549D5829076BC4005D7D73 /* ApiResponse.swift in Sources */,
				48532DA229045EC500D0D876 /* Router.swift in Sources */,
				48532D9929044ACC00D0D876 /* HomeView.swift in Sources */,
				48549D5A29076C01005D7D73 /* Pokemon.swift in Sources */,
				48532DA72904DC9900D0D876 /* TargetType+Extension.swift in Sources */,
				48532D65290445FD00D0D876 /* Poke_AppApp.swift in Sources */,
				48532D9729044A9700D0D876 /* HomeCoordinator.swift in Sources */,
				48549D4A29076610005D7D73 /* Constants.swift in Sources */,
			);
			runOnlyForDeploymentPostprocessing = 0;
		};
		48532D6D290445FF00D0D876 /* Sources */ = {
			isa = PBXSourcesBuildPhase;
			buildActionMask = 2147483647;
			files = (
				48532D76290445FF00D0D876 /* Poke_AppTests.swift in Sources */,
			);
			runOnlyForDeploymentPostprocessing = 0;
		};
		48532D77290445FF00D0D876 /* Sources */ = {
			isa = PBXSourcesBuildPhase;
			buildActionMask = 2147483647;
			files = (
				48532D82290445FF00D0D876 /* Poke_AppUITestsLaunchTests.swift in Sources */,
				48532D80290445FF00D0D876 /* Poke_AppUITests.swift in Sources */,
			);
			runOnlyForDeploymentPostprocessing = 0;
		};
/* End PBXSourcesBuildPhase section */

/* Begin PBXTargetDependency section */
		48532D73290445FF00D0D876 /* PBXTargetDependency */ = {
			isa = PBXTargetDependency;
			target = 48532D60290445FD00D0D876 /* Poke-App */;
			targetProxy = 48532D72290445FF00D0D876 /* PBXContainerItemProxy */;
		};
		48532D7D290445FF00D0D876 /* PBXTargetDependency */ = {
			isa = PBXTargetDependency;
			target = 48532D60290445FD00D0D876 /* Poke-App */;
			targetProxy = 48532D7C290445FF00D0D876 /* PBXContainerItemProxy */;
		};
/* End PBXTargetDependency section */

/* Begin XCBuildConfiguration section */
		48532D83290445FF00D0D876 /* Debug */ = {
			isa = XCBuildConfiguration;
			buildSettings = {
				ALWAYS_SEARCH_USER_PATHS = NO;
				CLANG_ANALYZER_NONNULL = YES;
				CLANG_ANALYZER_NUMBER_OBJECT_CONVERSION = YES_AGGRESSIVE;
				CLANG_CXX_LANGUAGE_STANDARD = "gnu++20";
				CLANG_ENABLE_MODULES = YES;
				CLANG_ENABLE_OBJC_ARC = YES;
				CLANG_ENABLE_OBJC_WEAK = YES;
				CLANG_WARN_BLOCK_CAPTURE_AUTORELEASING = YES;
				CLANG_WARN_BOOL_CONVERSION = YES;
				CLANG_WARN_COMMA = YES;
				CLANG_WARN_CONSTANT_CONVERSION = YES;
				CLANG_WARN_DEPRECATED_OBJC_IMPLEMENTATIONS = YES;
				CLANG_WARN_DIRECT_OBJC_ISA_USAGE = YES_ERROR;
				CLANG_WARN_DOCUMENTATION_COMMENTS = YES;
				CLANG_WARN_EMPTY_BODY = YES;
				CLANG_WARN_ENUM_CONVERSION = YES;
				CLANG_WARN_INFINITE_RECURSION = YES;
				CLANG_WARN_INT_CONVERSION = YES;
				CLANG_WARN_NON_LITERAL_NULL_CONVERSION = YES;
				CLANG_WARN_OBJC_IMPLICIT_RETAIN_SELF = YES;
				CLANG_WARN_OBJC_LITERAL_CONVERSION = YES;
				CLANG_WARN_OBJC_ROOT_CLASS = YES_ERROR;
				CLANG_WARN_QUOTED_INCLUDE_IN_FRAMEWORK_HEADER = YES;
				CLANG_WARN_RANGE_LOOP_ANALYSIS = YES;
				CLANG_WARN_STRICT_PROTOTYPES = YES;
				CLANG_WARN_SUSPICIOUS_MOVE = YES;
				CLANG_WARN_UNGUARDED_AVAILABILITY = YES_AGGRESSIVE;
				CLANG_WARN_UNREACHABLE_CODE = YES;
				CLANG_WARN__DUPLICATE_METHOD_MATCH = YES;
				COPY_PHASE_STRIP = NO;
				DEBUG_INFORMATION_FORMAT = dwarf;
				ENABLE_STRICT_OBJC_MSGSEND = YES;
				ENABLE_TESTABILITY = YES;
				GCC_C_LANGUAGE_STANDARD = gnu11;
				GCC_DYNAMIC_NO_PIC = NO;
				GCC_NO_COMMON_BLOCKS = YES;
				GCC_OPTIMIZATION_LEVEL = 0;
				GCC_PREPROCESSOR_DEFINITIONS = (
					"DEBUG=1",
					"$(inherited)",
				);
				GCC_WARN_64_TO_32_BIT_CONVERSION = YES;
				GCC_WARN_ABOUT_RETURN_TYPE = YES_ERROR;
				GCC_WARN_UNDECLARED_SELECTOR = YES;
				GCC_WARN_UNINITIALIZED_AUTOS = YES_AGGRESSIVE;
				GCC_WARN_UNUSED_FUNCTION = YES;
				GCC_WARN_UNUSED_VARIABLE = YES;
				IPHONEOS_DEPLOYMENT_TARGET = 16.0;
				MTL_ENABLE_DEBUG_INFO = INCLUDE_SOURCE;
				MTL_FAST_MATH = YES;
				ONLY_ACTIVE_ARCH = YES;
				SDKROOT = iphoneos;
				SWIFT_ACTIVE_COMPILATION_CONDITIONS = DEBUG;
				SWIFT_OPTIMIZATION_LEVEL = "-Onone";
			};
			name = Debug;
		};
		48532D84290445FF00D0D876 /* Release */ = {
			isa = XCBuildConfiguration;
			buildSettings = {
				ALWAYS_SEARCH_USER_PATHS = NO;
				CLANG_ANALYZER_NONNULL = YES;
				CLANG_ANALYZER_NUMBER_OBJECT_CONVERSION = YES_AGGRESSIVE;
				CLANG_CXX_LANGUAGE_STANDARD = "gnu++20";
				CLANG_ENABLE_MODULES = YES;
				CLANG_ENABLE_OBJC_ARC = YES;
				CLANG_ENABLE_OBJC_WEAK = YES;
				CLANG_WARN_BLOCK_CAPTURE_AUTORELEASING = YES;
				CLANG_WARN_BOOL_CONVERSION = YES;
				CLANG_WARN_COMMA = YES;
				CLANG_WARN_CONSTANT_CONVERSION = YES;
				CLANG_WARN_DEPRECATED_OBJC_IMPLEMENTATIONS = YES;
				CLANG_WARN_DIRECT_OBJC_ISA_USAGE = YES_ERROR;
				CLANG_WARN_DOCUMENTATION_COMMENTS = YES;
				CLANG_WARN_EMPTY_BODY = YES;
				CLANG_WARN_ENUM_CONVERSION = YES;
				CLANG_WARN_INFINITE_RECURSION = YES;
				CLANG_WARN_INT_CONVERSION = YES;
				CLANG_WARN_NON_LITERAL_NULL_CONVERSION = YES;
				CLANG_WARN_OBJC_IMPLICIT_RETAIN_SELF = YES;
				CLANG_WARN_OBJC_LITERAL_CONVERSION = YES;
				CLANG_WARN_OBJC_ROOT_CLASS = YES_ERROR;
				CLANG_WARN_QUOTED_INCLUDE_IN_FRAMEWORK_HEADER = YES;
				CLANG_WARN_RANGE_LOOP_ANALYSIS = YES;
				CLANG_WARN_STRICT_PROTOTYPES = YES;
				CLANG_WARN_SUSPICIOUS_MOVE = YES;
				CLANG_WARN_UNGUARDED_AVAILABILITY = YES_AGGRESSIVE;
				CLANG_WARN_UNREACHABLE_CODE = YES;
				CLANG_WARN__DUPLICATE_METHOD_MATCH = YES;
				COPY_PHASE_STRIP = NO;
				DEBUG_INFORMATION_FORMAT = "dwarf-with-dsym";
				ENABLE_NS_ASSERTIONS = NO;
				ENABLE_STRICT_OBJC_MSGSEND = YES;
				GCC_C_LANGUAGE_STANDARD = gnu11;
				GCC_NO_COMMON_BLOCKS = YES;
				GCC_WARN_64_TO_32_BIT_CONVERSION = YES;
				GCC_WARN_ABOUT_RETURN_TYPE = YES_ERROR;
				GCC_WARN_UNDECLARED_SELECTOR = YES;
				GCC_WARN_UNINITIALIZED_AUTOS = YES_AGGRESSIVE;
				GCC_WARN_UNUSED_FUNCTION = YES;
				GCC_WARN_UNUSED_VARIABLE = YES;
				IPHONEOS_DEPLOYMENT_TARGET = 16.0;
				MTL_ENABLE_DEBUG_INFO = NO;
				MTL_FAST_MATH = YES;
				SDKROOT = iphoneos;
				SWIFT_COMPILATION_MODE = wholemodule;
				SWIFT_OPTIMIZATION_LEVEL = "-O";
				VALIDATE_PRODUCT = YES;
			};
			name = Release;
		};
		48532D86290445FF00D0D876 /* Debug */ = {
			isa = XCBuildConfiguration;
			buildSettings = {
				ASSETCATALOG_COMPILER_APPICON_NAME = AppIcon;
				ASSETCATALOG_COMPILER_GLOBAL_ACCENT_COLOR_NAME = AccentColor;
				CODE_SIGN_STYLE = Automatic;
				CURRENT_PROJECT_VERSION = 1;
				DEVELOPMENT_ASSET_PATHS = "\"Poke-App/Preview Content\"";
				DEVELOPMENT_TEAM = U49UCD9KX7;
				ENABLE_PREVIEWS = YES;
				GENERATE_INFOPLIST_FILE = YES;
				INFOPLIST_KEY_UIApplicationSceneManifest_Generation = YES;
				INFOPLIST_KEY_UIApplicationSupportsIndirectInputEvents = YES;
				INFOPLIST_KEY_UILaunchScreen_Generation = YES;
				INFOPLIST_KEY_UISupportedInterfaceOrientations_iPad = "UIInterfaceOrientationPortrait UIInterfaceOrientationPortraitUpsideDown UIInterfaceOrientationLandscapeLeft UIInterfaceOrientationLandscapeRight";
				INFOPLIST_KEY_UISupportedInterfaceOrientations_iPhone = "UIInterfaceOrientationPortrait UIInterfaceOrientationLandscapeLeft UIInterfaceOrientationLandscapeRight";
				LD_RUNPATH_SEARCH_PATHS = (
					"$(inherited)",
					"@executable_path/Frameworks",
				);
				MARKETING_VERSION = 1.0;
				PRODUCT_BUNDLE_IDENTIFIER = "com.roberto.Poke-App";
				PRODUCT_NAME = "$(TARGET_NAME)";
				SWIFT_EMIT_LOC_STRINGS = YES;
				SWIFT_VERSION = 5.0;
				TARGETED_DEVICE_FAMILY = "1,2";
			};
			name = Debug;
		};
		48532D87290445FF00D0D876 /* Release */ = {
			isa = XCBuildConfiguration;
			buildSettings = {
				ASSETCATALOG_COMPILER_APPICON_NAME = AppIcon;
				ASSETCATALOG_COMPILER_GLOBAL_ACCENT_COLOR_NAME = AccentColor;
				CODE_SIGN_STYLE = Automatic;
				CURRENT_PROJECT_VERSION = 1;
				DEVELOPMENT_ASSET_PATHS = "\"Poke-App/Preview Content\"";
				DEVELOPMENT_TEAM = U49UCD9KX7;
				ENABLE_PREVIEWS = YES;
				GENERATE_INFOPLIST_FILE = YES;
				INFOPLIST_KEY_UIApplicationSceneManifest_Generation = YES;
				INFOPLIST_KEY_UIApplicationSupportsIndirectInputEvents = YES;
				INFOPLIST_KEY_UILaunchScreen_Generation = YES;
				INFOPLIST_KEY_UISupportedInterfaceOrientations_iPad = "UIInterfaceOrientationPortrait UIInterfaceOrientationPortraitUpsideDown UIInterfaceOrientationLandscapeLeft UIInterfaceOrientationLandscapeRight";
				INFOPLIST_KEY_UISupportedInterfaceOrientations_iPhone = "UIInterfaceOrientationPortrait UIInterfaceOrientationLandscapeLeft UIInterfaceOrientationLandscapeRight";
				LD_RUNPATH_SEARCH_PATHS = (
					"$(inherited)",
					"@executable_path/Frameworks",
				);
				MARKETING_VERSION = 1.0;
				PRODUCT_BUNDLE_IDENTIFIER = "com.roberto.Poke-App";
				PRODUCT_NAME = "$(TARGET_NAME)";
				SWIFT_EMIT_LOC_STRINGS = YES;
				SWIFT_VERSION = 5.0;
				TARGETED_DEVICE_FAMILY = "1,2";
			};
			name = Release;
		};
		48532D89290445FF00D0D876 /* Debug */ = {
			isa = XCBuildConfiguration;
			buildSettings = {
				ALWAYS_EMBED_SWIFT_STANDARD_LIBRARIES = YES;
				BUNDLE_LOADER = "$(TEST_HOST)";
				CODE_SIGN_STYLE = Automatic;
				CURRENT_PROJECT_VERSION = 1;
				DEVELOPMENT_TEAM = U49UCD9KX7;
				GENERATE_INFOPLIST_FILE = YES;
				IPHONEOS_DEPLOYMENT_TARGET = 16.0;
				MARKETING_VERSION = 1.0;
				PRODUCT_BUNDLE_IDENTIFIER = "com.roberto.Poke-AppTests";
				PRODUCT_NAME = "$(TARGET_NAME)";
				SWIFT_EMIT_LOC_STRINGS = NO;
				SWIFT_VERSION = 5.0;
				TARGETED_DEVICE_FAMILY = "1,2";
				TEST_HOST = "$(BUILT_PRODUCTS_DIR)/Poke-App.app/$(BUNDLE_EXECUTABLE_FOLDER_PATH)/Poke-App";
			};
			name = Debug;
		};
		48532D8A290445FF00D0D876 /* Release */ = {
			isa = XCBuildConfiguration;
			buildSettings = {
				ALWAYS_EMBED_SWIFT_STANDARD_LIBRARIES = YES;
				BUNDLE_LOADER = "$(TEST_HOST)";
				CODE_SIGN_STYLE = Automatic;
				CURRENT_PROJECT_VERSION = 1;
				DEVELOPMENT_TEAM = U49UCD9KX7;
				GENERATE_INFOPLIST_FILE = YES;
				IPHONEOS_DEPLOYMENT_TARGET = 16.0;
				MARKETING_VERSION = 1.0;
				PRODUCT_BUNDLE_IDENTIFIER = "com.roberto.Poke-AppTests";
				PRODUCT_NAME = "$(TARGET_NAME)";
				SWIFT_EMIT_LOC_STRINGS = NO;
				SWIFT_VERSION = 5.0;
				TARGETED_DEVICE_FAMILY = "1,2";
				TEST_HOST = "$(BUILT_PRODUCTS_DIR)/Poke-App.app/$(BUNDLE_EXECUTABLE_FOLDER_PATH)/Poke-App";
			};
			name = Release;
		};
		48532D8C290445FF00D0D876 /* Debug */ = {
			isa = XCBuildConfiguration;
			buildSettings = {
				ALWAYS_EMBED_SWIFT_STANDARD_LIBRARIES = YES;
				CODE_SIGN_STYLE = Automatic;
				CURRENT_PROJECT_VERSION = 1;
				DEVELOPMENT_TEAM = U49UCD9KX7;
				GENERATE_INFOPLIST_FILE = YES;
				MARKETING_VERSION = 1.0;
				PRODUCT_BUNDLE_IDENTIFIER = "com.roberto.Poke-AppUITests";
				PRODUCT_NAME = "$(TARGET_NAME)";
				SWIFT_EMIT_LOC_STRINGS = NO;
				SWIFT_VERSION = 5.0;
				TARGETED_DEVICE_FAMILY = "1,2";
				TEST_TARGET_NAME = "Poke-App";
			};
			name = Debug;
		};
		48532D8D290445FF00D0D876 /* Release */ = {
			isa = XCBuildConfiguration;
			buildSettings = {
				ALWAYS_EMBED_SWIFT_STANDARD_LIBRARIES = YES;
				CODE_SIGN_STYLE = Automatic;
				CURRENT_PROJECT_VERSION = 1;
				DEVELOPMENT_TEAM = U49UCD9KX7;
				GENERATE_INFOPLIST_FILE = YES;
				MARKETING_VERSION = 1.0;
				PRODUCT_BUNDLE_IDENTIFIER = "com.roberto.Poke-AppUITests";
				PRODUCT_NAME = "$(TARGET_NAME)";
				SWIFT_EMIT_LOC_STRINGS = NO;
				SWIFT_VERSION = 5.0;
				TARGETED_DEVICE_FAMILY = "1,2";
				TEST_TARGET_NAME = "Poke-App";
			};
			name = Release;
		};
/* End XCBuildConfiguration section */

/* Begin XCConfigurationList section */
		48532D5C290445FD00D0D876 /* Build configuration list for PBXProject "Poke-App" */ = {
			isa = XCConfigurationList;
			buildConfigurations = (
				48532D83290445FF00D0D876 /* Debug */,
				48532D84290445FF00D0D876 /* Release */,
			);
			defaultConfigurationIsVisible = 0;
			defaultConfigurationName = Release;
		};
		48532D85290445FF00D0D876 /* Build configuration list for PBXNativeTarget "Poke-App" */ = {
			isa = XCConfigurationList;
			buildConfigurations = (
				48532D86290445FF00D0D876 /* Debug */,
				48532D87290445FF00D0D876 /* Release */,
			);
			defaultConfigurationIsVisible = 0;
			defaultConfigurationName = Release;
		};
		48532D88290445FF00D0D876 /* Build configuration list for PBXNativeTarget "Poke-AppTests" */ = {
			isa = XCConfigurationList;
			buildConfigurations = (
				48532D89290445FF00D0D876 /* Debug */,
				48532D8A290445FF00D0D876 /* Release */,
			);
			defaultConfigurationIsVisible = 0;
			defaultConfigurationName = Release;
		};
		48532D8B290445FF00D0D876 /* Build configuration list for PBXNativeTarget "Poke-AppUITests" */ = {
			isa = XCConfigurationList;
			buildConfigurations = (
				48532D8C290445FF00D0D876 /* Debug */,
				48532D8D290445FF00D0D876 /* Release */,
			);
			defaultConfigurationIsVisible = 0;
			defaultConfigurationName = Release;
		};
/* End XCConfigurationList section */

/* Begin XCRemoteSwiftPackageReference section */
		48532D8F290446AC00D0D876 /* XCRemoteSwiftPackageReference "stinsen" */ = {
			isa = XCRemoteSwiftPackageReference;
			repositoryURL = "https://github.com/rundfunk47/stinsen";
			requirement = {
				branch = master;
				kind = branch;
			};
		};
		48532D9A29045E4200D0D876 /* XCRemoteSwiftPackageReference "Moya" */ = {
			isa = XCRemoteSwiftPackageReference;
			repositoryURL = "https://github.com/Moya/Moya.git";
			requirement = {
				kind = upToNextMajorVersion;
				minimumVersion = 15.0.0;
			};
		};
/* End XCRemoteSwiftPackageReference section */

/* Begin XCSwiftPackageProductDependency section */
		48532D90290446AC00D0D876 /* Stinsen */ = {
			isa = XCSwiftPackageProductDependency;
			package = 48532D8F290446AC00D0D876 /* XCRemoteSwiftPackageReference "stinsen" */;
			productName = Stinsen;
		};
		48532D9B29045E4200D0D876 /* CombineMoya */ = {
			isa = XCSwiftPackageProductDependency;
			package = 48532D9A29045E4200D0D876 /* XCRemoteSwiftPackageReference "Moya" */;
			productName = CombineMoya;
		};
		48532D9D29045E4200D0D876 /* Moya */ = {
			isa = XCSwiftPackageProductDependency;
			package = 48532D9A29045E4200D0D876 /* XCRemoteSwiftPackageReference "Moya" */;
			productName = Moya;
		};
/* End XCSwiftPackageProductDependency section */
	};
	rootObject = 48532D59290445FD00D0D876 /* Project object */;
}
